# NMP Native Runtime compatibility baseline.
# Status remains unratified until every signoff is a real reviewer identity.

[baseline]
schema = 1
name = "native-runtime-compat-v2"
created_at = "2026-07-31"
status = "unratified"

[nip_5d]
repository = "nostr-protocol/nips"
source_branch_or_pr = "pull/2303"
commit = "eb45dfd7335b7f88cb53781984c553581d2b4c34"
document = "5D.md"
document_sha256 = "bc5c91f878ad812c012b232871dd43eeb8e2a52edc7a7a1834d53258c1ffcc04"
manifest_kinds = [5129, 15129, 35129]

[nap_registry]
repository = "napplet/naps"
commit = "5ac0490461ca6fec2f0d2e45b4835cf9bc08de24"
naps_tree = "af3f89da520b32dba6935a8c07e3462da4e3b6b0"
web_projection_blob = "fab9a94734c43f7a30c2248db3a749d5feb5f1c7"

[napplet_packages]
repository = "napplet/web"
commit = "60889f1c2476e063500c7ab6624af6abe0dbcbe5"
core = "0.29.0"
shim = "0.27.0"
sdk = "0.25.0"
nap = "0.29.0"
conformance = "0.14.0"
local_patch = "conformance/patches/napplet-web/compat-v2.patch"
local_patch_sha256 = "a1f758cc50d726adb4ca93b75bc39ec8936329be40062a2a63150adcb3c0e440"

[napplet_packages.source_trees]
core = "1f9904103ce7684a302efdb0491c3315a92fb04a"
shim = "7e20c86b576ae3ab3b7ae2868448449bfd518fc8"
sdk = "84442007241443f73705c97cd990b9a4329140a2"
nap = "60dd75bce047b37df5eff41ff9439d3673f9229b"
conformance = "8f26dee18348f669029ac593ab55fde952408e11"

[napplet_packages.npm_sha256]
core = "d1670d3a27d0f23d65202052a153ab43d6b5ec5cb833c22a247ed5cea1dedd05"
shim = "bbb3047f045020c1b48d93bc91d118640d8c39be48921197cb9be63e5b1e2704"
sdk = "99d30e312d7acf9c79d1f9c3d36cfc1e8e45cc455d653c1d2c3f6a3ad2061653"
nap = "5e3e086bbb83335efb1d35c68cc0cd88780ab60e2bc7dbb3bd9daac88f72909f"
conformance = "889c72e3f36401018bee1c8eae10536812ac54d80f5ee07bee8408b97fc62ab4"

[nap_lists]
repository = "napplet/naps"
source_branch_or_pr = "pull/68"
semantic_commit = "2c244b57051285178bcbb72e75ab2cbc8a3f8785"
document = "naps/NAP-LISTS.md"
document_sha256 = "bd71192ee419db43105163d700c187eb56d5fb1164f1e3e225ae58bcd1730b96"
package_repository = "napplet/web"
package_pull_request = "pull/85"
package_merge_commit = "086f36e40d2df86349ece181dbe52660ba49090e"
nip_51_repository = "nostr-protocol/nips"
nip_51_commit = "375160536f1ea9fac88708b9fd8464a60e3e7ad8"
nip_51_document = "51.md"
nip_51_document_sha256 = "469f031eeca39fe3c5932233747d580fdcba8e7effb2464020e58669a7080519"

[kehto]
repository = "jodobear/kehto-web"
upstream_repository = "kehto/web"
source_branch = "fix/napplet-conformance-no-modulepreload"
commit = "62241de0b4526ba4fdc8a7b3c766c2499d3ae24d"
corpus_path = "apps/playground/napplets"
playground_tree = "d1bab686acef6c21c0d377052c9f04cd2e59500f"
corpus_tree = "24a7dfa6277f339612f9b0a33668fec26d9e8d9a"

[nmp]
repository = "pablof7z/nmp"
commit = "005dc2a5f12aa414961b313d05ebb021934e385c"
version = "0.1.0"
rust_facade_sha256 = "f9d1fdef284cef1a34c322f13304042f1ee43a00ab5f55bcdadb31505ced6103"
ffi_component_sha256 = "444885846d6238cb82c67376eb62a3851ae763b3f68f4ee43345ddae64820f4c"
public_surface_snapshot = "sha256:78baf6f5879df72fbcd75e80689725193a3ce3a7fced559b9ffccec92d3de2be"

[artifacts]
accepted_modes = ["single-file", "external-assets"]
requires_verified_index = true
requires_per_path_sha256 = true
requires_aggregate_verification = true
remote_navigation = false
redirect_policy = "manual-per-hop-revalidation"
maximum_redirect_hops = 5
accepted_redirect_statuses = [301, 302, 303, 307, 308]
transport_auto_follow = false
requires_https = true
requires_credential_free_url = true
requires_query_free_url = true
requires_fragment_free_url = true
requires_fresh_dns_each_hop = true
requires_public_address_each_hop = true
requires_address_pinned_connection = true
requires_hostname_tls_sni = true
allows_ambient_proxy = false
requires_exact_effective_url_each_hop = true
default_request_deadline_seconds = 15
default_maximum_path_bytes = 8388608
default_maximum_artifact_bytes = 33554432
requires_typed_observable_refusal = true
retention_execution_gate = "per-path-sha256-and-aggregate"

[web_projection]
sandbox_tokens = ["allow-scripts"]
forbid_allow_same_origin = true
require_srcdoc = true
require_source_window_binding = true
forbid_window_nostr = true
unknown_message_policy = "ignore"

[domain_versions]
relay = "napplet-web@0.29.0"
identity = "napplet-web@0.29.0"
storage = "napplet-web@0.29.0"
inc = "napplet-web@0.29.0"
theme = "napplet-web@0.29.0"
keys = "napplet-web@0.29.0"
media = "napplet-web@0.29.0"
notify = "napplet-web@0.29.0"
config = "napplet-web@0.29.0"
resource = "napplet-web@0.29.0"
cvm = "napplet-web@0.29.0"
outbox = "napplet-web@0.29.0"
upload = "napplet-web@0.29.0"
intent = "napplet-web@0.29.0"
ble = "napplet-web@0.29.0"
webrtc = "napplet-web@0.29.0"
link = "napplet-web@0.29.0"
count = "napplet-web@0.29.0"
lists = "napplet-web@0.29.0"
serial = "napplet-web@0.29.0"
common = "napplet-web@0.29.0"
dm = "napplet-web@0.29.0"
shell_handshake = "NAP-SHELL@5ac0490461ca"

# M0 advertises no executable provider. Domains move to supported only after
# their platform implementation passes the pinned contract suite.
[platform.macos]
supported_domains = []
unsupported_domains = [
  "relay", "identity", "storage", "inc", "theme", "keys", "media",
  "notify", "config", "resource", "cvm", "outbox", "upload", "intent",
  "ble", "webrtc", "link", "count", "lists", "serial", "common", "dm",
]

[platform.ios]
supported_domains = []
unsupported_domains = [
  "relay", "identity", "storage", "inc", "theme", "keys", "media",
  "notify", "config", "resource", "cvm", "outbox", "upload", "intent",
  "ble", "webrtc", "link", "count", "lists", "serial", "common", "dm",
]

[platform.android]
supported_domains = []
unsupported_domains = [
  "relay", "identity", "storage", "inc", "theme", "keys", "media",
  "notify", "config", "resource", "cvm", "outbox", "upload", "intent",
  "ble", "webrtc", "link", "count", "lists", "serial", "common", "dm",
]

[corpus]
reference_fixture_digest = "5013983282a03741305b2f9740e2268ea6c038843b6e2214b0f34cbd611fd70a"
kehto_fixture_digest = "225f96bc50c950260ecbdce14608fd2e82790acad64dc1cd2e835db5e1fc92a3"
published_fixture_digest = "4bbd1218609000deaa273ef43c232211a90515c481dbd1929c40536c1e44e466"

[artifact_profiles.good_morning]
source = "published-immutable-artifacts"
author = "266815e0c9210dfa324c6cba3573b14bee49da4209a9456f9484e5106cd408a5"
d_tag = "good-morning"
aggregate_sha256 = "828a6df02afd56782ea20f805084acce65c53f7c37554948c1e0a64aa5a2b0a8"
required_domains = ["identity", "inc", "outbox"]
optional_domains = ["resource", "theme", "link"]

[signoff]
product_owner = "pablof7z"
compatibility_reviewer = ""
security_reviewer = ""
nmp_boundary_reviewer = ""
